
Microsoft Visual Studio Solution File, Format Version 12.00
# Visual Studio Version 17
VisualStudioVersion = 17.3.32901.215
MinimumVisualStudioVersion = 10.0.40219.1
Project("{9A19103F-16F7-4668-BE54-9A1E7A4F7556}") = "bytebank", "bytebank\bytebank.csproj", "{AA831498-A27A-4185-B857-FAD4C432E300}"
EndProject
Project("{9A19103F-16F7-4668-BE54-9A1E7A4F7556}") = "Desafio", "Desafio\Desafio.csproj", "{A01AC3D5-FA69-48AF-920B-4D0CA0628BDD}"
EndProject
Global
	GlobalSection(SolutionConfigurationPlatforms) = preSolution
		Debug|Any CPU = Debug|Any CPU
		Release|Any CPU = Release|Any CPU
	EndGlobalSection
	GlobalSection(ProjectConfigurationPlatforms) = postSolution
		{AA831498-A27A-4185-B857-FAD4C432E300}.Debug|Any CPU.ActiveCfg = Debug|Any CPU
		{AA831498-A27A-4185-B857-FAD4C432E300}.Debug|Any CPU.Build.0 = Debug|Any CPU
		{AA831498-A27A-4185-B857-FAD4C432E300}.Release|Any CPU.ActiveCfg = Release|Any CPU
		{AA831498-A27A-4185-B857-FAD4C432E300}.Release|Any CPU.Build.0 = Release|Any CPU
		{A01AC3D5-FA69-48AF-920B-4D0CA0628BDD}.Debug|Any CPU.ActiveCfg = Debug|Any CPU
		{A01AC3D5-FA69-48AF-920B-4D0CA0628BDD}.Debug|Any CPU.Build.0 = Debug|Any CPU
		{A01AC3D5-FA69-48AF-920B-4D0CA0628BDD}.Release|Any CPU.ActiveCfg = Release|Any CPU
		{A01AC3D5-FA69-48AF-920B-4D0CA0628BDD}.Release|Any CPU.Build.0 = Release|Any CPU
	EndGlobalSection
	GlobalSection(SolutionProperties) = preSolution
		HideSolutionNode = FALSE
	EndGlobalSection
	GlobalSection(ExtensibilityGlobals) = postSolution
		SolutionGuid = {801B5D4F-3FBA-43AD-BB12-3E21AA1123A0}
	EndGlobalSection
EndGlobal
